{
  "name": "project-scary",
  "version": "0.0",
  "lockfileVersion": 3,
  "requires": true,
  "packages": {
    "": {
      "name": "project-scary",
      "version": "0.0",
      "license": "ISC",
      "dependencies": {
        "@quenty/loader": "^6.3.0",
        "@quenty/servicebag": "^6.9.0"
      }
    },
    "node_modules/@quenty/baseobject": {
      "version": "6.3.0",
      "resolved": "https://registry.npmjs.org/@quenty/baseobject/-/baseobject-6.3.0.tgz",
      "integrity": "sha512-u3gvbERToukEQGCQx3qkkg5i7RcF9yLsxz7pdIjCOR+gbx+K8O00MwB6IJvp6ce9iPZbbwFdDwpXDsEC1wVVOw==",
      "dependencies": {
        "@quenty/loader": "^6.3.0",
        "@quenty/maid": "^2.6.0"
      },
      "funding": {
        "type": "patreon",
        "url": "https://www.patreon.com/quenty"
      }
    },
    "node_modules/@quenty/loader": {
      "version": "6.3.0",
      "resolved": "https://registry.npmjs.org/@quenty/loader/-/loader-6.3.0.tgz",
      "integrity": "sha512-537N2ZJPlxb746obc9936vrn56k4APwz70NBzpArpq5v3QypoCVVImmY+9vbatLBb5XfiMfBQ5Krckw27Sm2SQ==",
      "funding": {
        "type": "patreon",
        "url": "https://www.patreon.com/quenty"
      }
    },
    "node_modules/@quenty/maid": {
      "version": "2.6.0",
      "resolved": "https://registry.npmjs.org/@quenty/maid/-/maid-2.6.0.tgz",
      "integrity": "sha512-rIo3S55ZsEmzDIXklh+mSzBEbw3GxhkTUDjsN5oNmhAOWsVYcPOVdq87l/KYMmY5gX44mW3a/gUdxYay5mD+6A==",
      "funding": {
        "type": "patreon",
        "url": "https://www.patreon.com/quenty"
      }
    },
    "node_modules/@quenty/servicebag": {
      "version": "6.9.0",
      "resolved": "https://registry.npmjs.org/@quenty/servicebag/-/servicebag-6.9.0.tgz",
      "integrity": "sha512-NoUKdnp4wA1wC0uCaBB0D3WMSksTJf9Vk2kp5ssxU/uZSbf4jXx2ZAd2R2OkHaEzOtvt1DSo9IWfXGLZ/NKaOw==",
      "dependencies": {
        "@quenty/baseobject": "^6.3.0",
        "@quenty/loader": "^6.3.0",
        "@quenty/signal": "^2.4.0"
      },
      "funding": {
        "type": "patreon",
        "url": "https://www.patreon.com/quenty"
      }
    },
    "node_modules/@quenty/signal": {
      "version": "2.4.0",
      "resolved": "https://registry.npmjs.org/@quenty/signal/-/signal-2.4.0.tgz",
      "integrity": "sha512-oPPPdqHUvrgCRz6iCFeywH3u+juu/PZJ+ty1wOvZx5gy//1ZG9zq3nms55t1uZcv7kkrb8jhIdqo9ziYoz2YPA==",
      "funding": {
        "type": "patreon",
        "url": "https://www.patreon.com/quenty"
      }
    }
  }
}
